
Microsoft Visual Studio Solution File, Format Version 12.00
# Visual Studio Version 16
VisualStudioVersion = 16.0.29926.136
MinimumVisualStudioVersion = 10.0.40219.1
Project("{159641D6-6404-4A2A-AE62-294DE0FE8301}") = "TDE_RRHH_RH00_Control", "TDE_RRHH_Control\TDE_RRHH_RH00_Control.dtproj", "{7AF85981-A8E9-40B5-B347-4BBB81BAFBA6}"
EndProject
Project("{159641D6-6404-4A2A-AE62-294DE0FE8301}") = "TDE_RRHH_RH000_01_STG_Comunes", "TDE_RRHH_RH000_01_STG_Comunes\TDE_RRHH_RH000_01_STG_Comunes.dtproj", "{6663D076-9FE5-4606-8E9C-DA64542BE9F8}"
EndProject
Project("{159641D6-6404-4A2A-AE62-294DE0FE8301}") = "TDE_RRHH_RH000_02_DWH_Comunes", "TDE_RRHH_RH000_02_DWH_Comunes\TDE_RRHH_RH000_02_DWH_Comunes.dtproj", "{8B4D5836-F58F-4125-B510-801FC15F150B}"
EndProject
Project("{159641D6-6404-4A2A-AE62-294DE0FE8301}") = "TDE_RRHH_RH001_01_STG_Perfil Empleado", "TDE_RRHH_RH001_01_STG_Perfil Empleado\TDE_RRHH_RH001_01_STG_Perfil Empleado.dtproj", "{5AFB75D2-DE49-4C4D-88DD-E99B65440221}"
EndProject
Project("{159641D6-6404-4A2A-AE62-294DE0FE8301}") = "TDE_RRHH_RH001_02_DWH_Perfil Empleado", "TDE_RRHH_RH001_02_DWH_Perfil Empleado\TDE_RRHH_RH001_02_DWH_Perfil Empleado.dtproj", "{ADAB0CF8-A829-47CB-9873-F87201CB46B2}"
EndProject
Project("{159641D6-6404-4A2A-AE62-294DE0FE8301}") = "TDE_RRHH_RH003_01_STG_Nomina", "TDE_RRHH_RH003_01_STG_Nomina\TDE_RRHH_RH003_01_STG_Nomina.dtproj", "{5F381A56-5B6A-4A15-91E8-331F548267BE}"
EndProject
Project("{159641D6-6404-4A2A-AE62-294DE0FE8301}") = "TDE_RRHH_RH003_02_DWH_Nomina", "TDE_RRHH_RH003_02_DWH_Nomina\TDE_RRHH_RH003_02_DWH_Nomina.dtproj", "{24D32E3C-1E92-4D5A-84F7-2AC6E7B25BBD}"
EndProject
Project("{159641D6-6404-4A2A-AE62-294DE0FE8301}") = "TDE_RRHH_RH002_01_STG_Reclutamiento", "TDE_RRHH_RH002_01_STG_Reclutamiento\TDE_RRHH_RH002_01_STG_Reclutamiento.dtproj", "{91A03490-4C47-473E-9245-7E780AD6470D}"
EndProject
Project("{159641D6-6404-4A2A-AE62-294DE0FE8301}") = "TDE_RRHH_RH002_02_DWH_Reclutamiento", "TDE_RRHH_RH002_02_DWH_Reclutamiento\TDE_RRHH_RH002_02_DWH_Reclutamiento.dtproj", "{BFBC90B0-CB34-474A-90F4-32E0C1B43EAF}"
EndProject
Project("{159641D6-6404-4A2A-AE62-294DE0FE8301}") = "TDE_RRHH_RH007_02_DWH_Control Asistencia", "TDE_RRHH_RH007_02_DWH_Control Asistencia\TDE_RRHH_RH007_02_DWH_Control Asistencia.dtproj", "{C14FB244-E35B-4637-8DB0-F74BE7A07F7D}"
EndProject
Project("{159641D6-6404-4A2A-AE62-294DE0FE8301}") = "TDE_RRHH_RH007_01_STG_Control Asistencia", "TDE_RRHH_RH007_01_STG_Control Asistencia\TDE_RRHH_RH007_01_STG_Control Asistencia.dtproj", "{4ABD1CFF-51BA-4A70-8F52-BFBEE5FD7EC9}"
EndProject
Global
	GlobalSection(SolutionConfigurationPlatforms) = preSolution
		demo_eikon|Default = demo_eikon|Default
		demo_tde|Default = demo_tde|Default
		development_eikon|Default = development_eikon|Default
		development_tde|Default = development_tde|Default
		development|Default = development|Default
	EndGlobalSection
	GlobalSection(ProjectConfigurationPlatforms) = postSolution
		{7AF85981-A8E9-40B5-B347-4BBB81BAFBA6}.demo_eikon|Default.ActiveCfg = demo_eikon
		{7AF85981-A8E9-40B5-B347-4BBB81BAFBA6}.demo_eikon|Default.Build.0 = demo_eikon
		{7AF85981-A8E9-40B5-B347-4BBB81BAFBA6}.demo_tde|Default.ActiveCfg = demo_tde
		{7AF85981-A8E9-40B5-B347-4BBB81BAFBA6}.demo_tde|Default.Build.0 = demo_tde
		{7AF85981-A8E9-40B5-B347-4BBB81BAFBA6}.development_eikon|Default.ActiveCfg = development_eikon
		{7AF85981-A8E9-40B5-B347-4BBB81BAFBA6}.development_eikon|Default.Build.0 = development_eikon
		{7AF85981-A8E9-40B5-B347-4BBB81BAFBA6}.development_tde|Default.ActiveCfg = development_tde
		{7AF85981-A8E9-40B5-B347-4BBB81BAFBA6}.development_tde|Default.Build.0 = development_tde
		{7AF85981-A8E9-40B5-B347-4BBB81BAFBA6}.development|Default.ActiveCfg = Development
		{7AF85981-A8E9-40B5-B347-4BBB81BAFBA6}.development|Default.Build.0 = Development
		{6663D076-9FE5-4606-8E9C-DA64542BE9F8}.demo_eikon|Default.ActiveCfg = demo_eikon
		{6663D076-9FE5-4606-8E9C-DA64542BE9F8}.demo_eikon|Default.Build.0 = demo_eikon
		{6663D076-9FE5-4606-8E9C-DA64542BE9F8}.demo_tde|Default.ActiveCfg = demo_tde
		{6663D076-9FE5-4606-8E9C-DA64542BE9F8}.demo_tde|Default.Build.0 = demo_tde
		{6663D076-9FE5-4606-8E9C-DA64542BE9F8}.development_eikon|Default.ActiveCfg = development_eikon
		{6663D076-9FE5-4606-8E9C-DA64542BE9F8}.development_eikon|Default.Build.0 = development_eikon
		{6663D076-9FE5-4606-8E9C-DA64542BE9F8}.development_tde|Default.ActiveCfg = development_tde
		{6663D076-9FE5-4606-8E9C-DA64542BE9F8}.development_tde|Default.Build.0 = development_tde
		{6663D076-9FE5-4606-8E9C-DA64542BE9F8}.development|Default.ActiveCfg = Development
		{6663D076-9FE5-4606-8E9C-DA64542BE9F8}.development|Default.Build.0 = Development
		{8B4D5836-F58F-4125-B510-801FC15F150B}.demo_eikon|Default.ActiveCfg = demo_eikon
		{8B4D5836-F58F-4125-B510-801FC15F150B}.demo_eikon|Default.Build.0 = demo_eikon
		{8B4D5836-F58F-4125-B510-801FC15F150B}.demo_tde|Default.ActiveCfg = demo_tde
		{8B4D5836-F58F-4125-B510-801FC15F150B}.demo_tde|Default.Build.0 = demo_tde
		{8B4D5836-F58F-4125-B510-801FC15F150B}.development_eikon|Default.ActiveCfg = development_eikon
		{8B4D5836-F58F-4125-B510-801FC15F150B}.development_eikon|Default.Build.0 = development_eikon
		{8B4D5836-F58F-4125-B510-801FC15F150B}.development_tde|Default.ActiveCfg = development_tde
		{8B4D5836-F58F-4125-B510-801FC15F150B}.development_tde|Default.Build.0 = development_tde
		{8B4D5836-F58F-4125-B510-801FC15F150B}.development|Default.ActiveCfg = Development
		{8B4D5836-F58F-4125-B510-801FC15F150B}.development|Default.Build.0 = Development
		{5AFB75D2-DE49-4C4D-88DD-E99B65440221}.demo_eikon|Default.ActiveCfg = demo_eikon
		{5AFB75D2-DE49-4C4D-88DD-E99B65440221}.demo_eikon|Default.Build.0 = demo_eikon
		{5AFB75D2-DE49-4C4D-88DD-E99B65440221}.demo_tde|Default.ActiveCfg = demo_tde
		{5AFB75D2-DE49-4C4D-88DD-E99B65440221}.demo_tde|Default.Build.0 = demo_tde
		{5AFB75D2-DE49-4C4D-88DD-E99B65440221}.development_eikon|Default.ActiveCfg = development_eikon
		{5AFB75D2-DE49-4C4D-88DD-E99B65440221}.development_eikon|Default.Build.0 = development_eikon
		{5AFB75D2-DE49-4C4D-88DD-E99B65440221}.development_tde|Default.ActiveCfg = development_tde
		{5AFB75D2-DE49-4C4D-88DD-E99B65440221}.development_tde|Default.Build.0 = development_tde
		{5AFB75D2-DE49-4C4D-88DD-E99B65440221}.development|Default.ActiveCfg = Development
		{5AFB75D2-DE49-4C4D-88DD-E99B65440221}.development|Default.Build.0 = Development
		{ADAB0CF8-A829-47CB-9873-F87201CB46B2}.demo_eikon|Default.ActiveCfg = demo_eikon
		{ADAB0CF8-A829-47CB-9873-F87201CB46B2}.demo_eikon|Default.Build.0 = demo_eikon
		{ADAB0CF8-A829-47CB-9873-F87201CB46B2}.demo_tde|Default.ActiveCfg = demo_tde
		{ADAB0CF8-A829-47CB-9873-F87201CB46B2}.demo_tde|Default.Build.0 = demo_tde
		{ADAB0CF8-A829-47CB-9873-F87201CB46B2}.development_eikon|Default.ActiveCfg = development_eikon
		{ADAB0CF8-A829-47CB-9873-F87201CB46B2}.development_eikon|Default.Build.0 = development_eikon
		{ADAB0CF8-A829-47CB-9873-F87201CB46B2}.development_tde|Default.ActiveCfg = development_tde
		{ADAB0CF8-A829-47CB-9873-F87201CB46B2}.development_tde|Default.Build.0 = development_tde
		{ADAB0CF8-A829-47CB-9873-F87201CB46B2}.development|Default.ActiveCfg = Development
		{ADAB0CF8-A829-47CB-9873-F87201CB46B2}.development|Default.Build.0 = Development
		{5F381A56-5B6A-4A15-91E8-331F548267BE}.demo_eikon|Default.ActiveCfg = demo_eikon
		{5F381A56-5B6A-4A15-91E8-331F548267BE}.demo_eikon|Default.Build.0 = demo_eikon
		{5F381A56-5B6A-4A15-91E8-331F548267BE}.demo_tde|Default.ActiveCfg = demo_tde
		{5F381A56-5B6A-4A15-91E8-331F548267BE}.demo_tde|Default.Build.0 = demo_tde
		{5F381A56-5B6A-4A15-91E8-331F548267BE}.development_eikon|Default.ActiveCfg = development_eikon
		{5F381A56-5B6A-4A15-91E8-331F548267BE}.development_eikon|Default.Build.0 = development_eikon
		{5F381A56-5B6A-4A15-91E8-331F548267BE}.development_tde|Default.ActiveCfg = development_tde
		{5F381A56-5B6A-4A15-91E8-331F548267BE}.development_tde|Default.Build.0 = development_tde
		{5F381A56-5B6A-4A15-91E8-331F548267BE}.development|Default.ActiveCfg = Development
		{5F381A56-5B6A-4A15-91E8-331F548267BE}.development|Default.Build.0 = Development
		{24D32E3C-1E92-4D5A-84F7-2AC6E7B25BBD}.demo_eikon|Default.ActiveCfg = demo_eikon
		{24D32E3C-1E92-4D5A-84F7-2AC6E7B25BBD}.demo_eikon|Default.Build.0 = demo_eikon
		{24D32E3C-1E92-4D5A-84F7-2AC6E7B25BBD}.demo_tde|Default.ActiveCfg = demo_tde
		{24D32E3C-1E92-4D5A-84F7-2AC6E7B25BBD}.demo_tde|Default.Build.0 = demo_tde
		{24D32E3C-1E92-4D5A-84F7-2AC6E7B25BBD}.development_eikon|Default.ActiveCfg = development_eikon
		{24D32E3C-1E92-4D5A-84F7-2AC6E7B25BBD}.development_eikon|Default.Build.0 = development_eikon
		{24D32E3C-1E92-4D5A-84F7-2AC6E7B25BBD}.development_tde|Default.ActiveCfg = development_tde
		{24D32E3C-1E92-4D5A-84F7-2AC6E7B25BBD}.development_tde|Default.Build.0 = development_tde
		{24D32E3C-1E92-4D5A-84F7-2AC6E7B25BBD}.development|Default.ActiveCfg = Development
		{24D32E3C-1E92-4D5A-84F7-2AC6E7B25BBD}.development|Default.Build.0 = Development
		{91A03490-4C47-473E-9245-7E780AD6470D}.demo_eikon|Default.ActiveCfg = demo_eikon
		{91A03490-4C47-473E-9245-7E780AD6470D}.demo_eikon|Default.Build.0 = demo_eikon
		{91A03490-4C47-473E-9245-7E780AD6470D}.demo_tde|Default.ActiveCfg = demo_tde
		{91A03490-4C47-473E-9245-7E780AD6470D}.demo_tde|Default.Build.0 = demo_tde
		{91A03490-4C47-473E-9245-7E780AD6470D}.development_eikon|Default.ActiveCfg = development_eikon
		{91A03490-4C47-473E-9245-7E780AD6470D}.development_eikon|Default.Build.0 = development_eikon
		{91A03490-4C47-473E-9245-7E780AD6470D}.development_tde|Default.ActiveCfg = development_tde
		{91A03490-4C47-473E-9245-7E780AD6470D}.development_tde|Default.Build.0 = development_tde
		{91A03490-4C47-473E-9245-7E780AD6470D}.development|Default.ActiveCfg = Development
		{91A03490-4C47-473E-9245-7E780AD6470D}.development|Default.Build.0 = Development
		{BFBC90B0-CB34-474A-90F4-32E0C1B43EAF}.demo_eikon|Default.ActiveCfg = demo_eikon
		{BFBC90B0-CB34-474A-90F4-32E0C1B43EAF}.demo_eikon|Default.Build.0 = demo_eikon
		{BFBC90B0-CB34-474A-90F4-32E0C1B43EAF}.demo_tde|Default.ActiveCfg = demo_tde
		{BFBC90B0-CB34-474A-90F4-32E0C1B43EAF}.demo_tde|Default.Build.0 = demo_tde
		{BFBC90B0-CB34-474A-90F4-32E0C1B43EAF}.development_eikon|Default.ActiveCfg = development_eikon
		{BFBC90B0-CB34-474A-90F4-32E0C1B43EAF}.development_eikon|Default.Build.0 = development_eikon
		{BFBC90B0-CB34-474A-90F4-32E0C1B43EAF}.development_tde|Default.ActiveCfg = development_tde
		{BFBC90B0-CB34-474A-90F4-32E0C1B43EAF}.development_tde|Default.Build.0 = development_tde
		{BFBC90B0-CB34-474A-90F4-32E0C1B43EAF}.development|Default.ActiveCfg = Development
		{BFBC90B0-CB34-474A-90F4-32E0C1B43EAF}.development|Default.Build.0 = Development
		{C14FB244-E35B-4637-8DB0-F74BE7A07F7D}.demo_eikon|Default.ActiveCfg = demo_eikon
		{C14FB244-E35B-4637-8DB0-F74BE7A07F7D}.demo_eikon|Default.Build.0 = demo_eikon
		{C14FB244-E35B-4637-8DB0-F74BE7A07F7D}.demo_tde|Default.ActiveCfg = demo_tde
		{C14FB244-E35B-4637-8DB0-F74BE7A07F7D}.demo_tde|Default.Build.0 = demo_tde
		{C14FB244-E35B-4637-8DB0-F74BE7A07F7D}.development_eikon|Default.ActiveCfg = development_eikon
		{C14FB244-E35B-4637-8DB0-F74BE7A07F7D}.development_eikon|Default.Build.0 = development_eikon
		{C14FB244-E35B-4637-8DB0-F74BE7A07F7D}.development_tde|Default.ActiveCfg = development_tde
		{C14FB244-E35B-4637-8DB0-F74BE7A07F7D}.development_tde|Default.Build.0 = development_tde
		{C14FB244-E35B-4637-8DB0-F74BE7A07F7D}.development|Default.ActiveCfg = Development
		{C14FB244-E35B-4637-8DB0-F74BE7A07F7D}.development|Default.Build.0 = Development
		{4ABD1CFF-51BA-4A70-8F52-BFBEE5FD7EC9}.demo_eikon|Default.ActiveCfg = demo_eikon
		{4ABD1CFF-51BA-4A70-8F52-BFBEE5FD7EC9}.demo_eikon|Default.Build.0 = demo_eikon
		{4ABD1CFF-51BA-4A70-8F52-BFBEE5FD7EC9}.demo_tde|Default.ActiveCfg = demo_tde
		{4ABD1CFF-51BA-4A70-8F52-BFBEE5FD7EC9}.demo_tde|Default.Build.0 = demo_tde
		{4ABD1CFF-51BA-4A70-8F52-BFBEE5FD7EC9}.development_eikon|Default.ActiveCfg = development_eikon
		{4ABD1CFF-51BA-4A70-8F52-BFBEE5FD7EC9}.development_eikon|Default.Build.0 = development_eikon
		{4ABD1CFF-51BA-4A70-8F52-BFBEE5FD7EC9}.development_tde|Default.ActiveCfg = development_tde
		{4ABD1CFF-51BA-4A70-8F52-BFBEE5FD7EC9}.development_tde|Default.Build.0 = development_tde
		{4ABD1CFF-51BA-4A70-8F52-BFBEE5FD7EC9}.development|Default.ActiveCfg = Development
		{4ABD1CFF-51BA-4A70-8F52-BFBEE5FD7EC9}.development|Default.Build.0 = Development
	EndGlobalSection
	GlobalSection(SolutionProperties) = preSolution
		HideSolutionNode = FALSE
	EndGlobalSection
	GlobalSection(ExtensibilityGlobals) = postSolution
		SolutionGuid = {31A7EE3B-E224-456C-A192-1BEC62CCD2AC}
	EndGlobalSection
EndGlobal
